<?xml version="1.0" encoding="UTF-8"?>
<Scheme
   LastUpgradeVersion = "0730"
   version = "2.0">
   <BuildAction
      parallelizeBuildables = "YES"
      buildImplicitDependencies = "YES">
      <BuildActionEntries>
         <BuildActionEntry
            buildForTesting = "YES"
            buildForRunning = "YES"
            buildForProfiling = "YES"
            buildForArchiving = "YES"
            buildForAnalyzing = "YES">
            <BuildableReference
               BuildableIdentifier = "primary"
               BlueprintIdentifier = "4C48F0041D91D15100EE725B"
               BuildableName = "winter2017Watch.app"
               BlueprintName = "winter2017Watch"
               ReferencedContainer = "container:Winter2017IOSAppNew.xcodeproj">
            </BuildableReference>
         </BuildActionEntry>
         <BuildActionEntry
            buildForTesting = "YES"
            buildForRunning = "YES"
            buildForProfiling = "YES"
            buildForArchiving = "YES"
            buildForAnalyzing = "YES">
            <BuildableReference
               BuildableIdentifier = "primary"
               BlueprintIdentifier = "4CB3F7C01CE38771007198C6"
               BuildableName = "fall2016Watch Extension.appex"
               BlueprintName = "fall2016Watch Extension"
               ReferencedContainer = "container:Winter2017IOSAppNew.xcodeproj">
            </BuildableReference>
         </BuildActionEntry>
         <BuildActionEntry
            buildForTesting = "YES"
            buildForRunning = "YES"
            buildForProfiling = "YES"
            buildForArchiving = "YES"
            buildForAnalyzing = "YES">
            <BuildableReference
               BuildableIdentifier = "primary"
               BlueprintIdentifier = "4C48F0101D91D15200EE725B"
               BuildableName = "winter2017Watch Extension.appex"
               BlueprintName = "winter2017Watch Extension"
               ReferencedContainer = "container:Winter2017IOSAppNew.xcodeproj">
            </BuildableReference>
         </BuildActionEntry>
         <BuildActionEntry
            buildForTesting = "YES"
            buildForRunning = "YES"
            buildForProfiling = "YES"
            buildForArchiving = "YES"
            buildForAnalyzing = "YES">
            <BuildableReference
               BuildableIdentifier = "primary"
               BlueprintIdentifier = "4C2D69F4174541100053BCC0"
               BuildableName = "Winter2017IOSAppNew.app"
               BlueprintName = "Winter2017IOSAppNew"
               ReferencedContainer = "container:Winter2017IOSAppNew.xcodeproj">
            </BuildableReference>
         </BuildActionEntry>
      </BuildActionEntries>
   </BuildAction>
   <TestAction
      buildConfiguration = "Debug"
      selectedDebuggerIdentifier = "Xcode.DebuggerFoundation.Debugger.LLDB"
      selectedLauncherIdentifier = "Xcode.DebuggerFoundation.Launcher.LLDB"
      shouldUseLaunchSchemeArgsEnv = "YES">
      <Testables>
      </Testables>
      <MacroExpansion>
         <BuildableReference
            BuildableIdentifier = "primary"
            BlueprintIdentifier = "4C48F0041D91D15100EE725B"
            BuildableName = "winter2017Watch.app"
            BlueprintName = "winter2017Watch"
            ReferencedContainer = "container:Winter2017IOSAppNew.xcodeproj">
         </BuildableReference>
      </MacroExpansion>
      <AdditionalOptions>
      </AdditionalOptions>
   </TestAction>
   <LaunchAction
      buildConfiguration = "Debug"
      selectedDebuggerIdentifier = "Xcode.DebuggerFoundation.Debugger.LLDB"
      selectedLauncherIdentifier = "Xcode.DebuggerFoundation.Launcher.LLDB"
      launchStyle = "0"
      useCustomWorkingDirectory = "NO"
      ignoresPersistentStateOnLaunch = "NO"
      debugDocumentVersioning = "YES"
      debugServiceExtension = "internal"
      allowLocationSimulation = "YES"
      launchAutomaticallySubstyle = "8"
      notificationPayloadFile = "winter2017Watch Extension/PushNotificationPayload.apns">
      <RemoteRunnable
         runnableDebuggingMode = "2"
         BundleIdentifier = "com.apple.carousel"
         RemotePath = "/Winter2017IOSAppNew">
         <BuildableReference
            BuildableIdentifier = "primary"
            BlueprintIdentifier = "4C48F0041D91D15100EE725B"
            BuildableName = "winter2017Watch.app"
            BlueprintName = "winter2017Watch"
            ReferencedContainer = "container:Winter2017IOSAppNew.xcodeproj">
         </BuildableReference>
      </RemoteRunnable>
      <MacroExpansion>
         <BuildableReference
            BuildableIdentifier = "primary"
            BlueprintIdentifier = "4C48F0041D91D15100EE725B"
            BuildableName = "winter2017Watch.app"
            BlueprintName = "winter2017Watch"
            ReferencedContainer = "container:Winter2017IOSAppNew.xcodeproj">
         </BuildableReference>
      </MacroExpansion>
      <AdditionalOptions>
      </AdditionalOptions>
   </LaunchAction>
   <ProfileAction
      buildConfiguration = "Release"
      shouldUseLaunchSchemeArgsEnv = "YES"
      savedToolIdentifier = ""
      useCustomWorkingDirectory = "NO"
      debugDocumentVersioning = "YES"
      launchAutomaticallySubstyle = "8"
      notificationPayloadFile = "winter2017Watch Extension/PushNotificationPayload.apns">
      <RemoteRunnable
         runnableDebuggingMode = "2"
         BundleIdentifier = "com.apple.carousel"
         RemotePath = "/Winter2017IOSAppNew">
         <BuildableReference
            BuildableIdentifier = "primary"
            BlueprintIdentifier = "4C48F0041D91D15100EE725B"
            BuildableName = "winter2017Watch.app"
            BlueprintName = "winter2017Watch"
            ReferencedContainer = "container:Winter2017IOSAppNew.xcodeproj">
         </BuildableReference>
      </RemoteRunnable>
      <MacroExpansion>
         <BuildableReference
            BuildableIdentifier = "primary"
            BlueprintIdentifier = "4C48F0041D91D15100EE725B"
            BuildableName = "winter2017Watch.app"
            BlueprintName = "winter2017Watch"
            ReferencedContainer = "container:Winter2017IOSAppNew.xcodeproj">
         </BuildableReference>
      </MacroExpansion>
   </ProfileAction>
   <AnalyzeAction
      buildConfiguration = "Debug">
   </AnalyzeAction>
   <ArchiveAction
      buildConfiguration = "Release"
      revealArchiveInOrganizer = "YES">
   </ArchiveAction>
</Scheme>
